
Microsoft Visual Studio Solution File, Format Version 12.00
Project("{FAE04EC0-301F-11D3-BF4B-00C04F79EFBC}") = "Com.Design.Patterns.Factory.Method", "Com.Design.Patterns.Factory.Method\Com.Design.Patterns.Factory.Method.csproj", "{09E0C991-DD46-445E-B939-828CD372F139}"
EndProject
Project("{FAE04EC0-301F-11D3-BF4B-00C04F79EFBC}") = "Com.Design.Patterns.Abstract.Factory", "Com.Design.Patterns.Abstract.Factory\Com.Design.Patterns.Abstract.Factory.csproj", "{E17B84AE-A7AD-40C3-96BC-784B076EB239}"
EndProject
Global
	GlobalSection(SolutionConfigurationPlatforms) = preSolution
		Debug|Any CPU = Debug|Any CPU
		Release|Any CPU = Release|Any CPU
	EndGlobalSection
	GlobalSection(ProjectConfigurationPlatforms) = postSolution
		{09E0C991-DD46-445E-B939-828CD372F139}.Debug|Any CPU.ActiveCfg = Debug|Any CPU
		{09E0C991-DD46-445E-B939-828CD372F139}.Debug|Any CPU.Build.0 = Debug|Any CPU
		{09E0C991-DD46-445E-B939-828CD372F139}.Release|Any CPU.ActiveCfg = Release|Any CPU
		{09E0C991-DD46-445E-B939-828CD372F139}.Release|Any CPU.Build.0 = Release|Any CPU
		{E17B84AE-A7AD-40C3-96BC-784B076EB239}.Debug|Any CPU.ActiveCfg = Debug|Any CPU
		{E17B84AE-A7AD-40C3-96BC-784B076EB239}.Debug|Any CPU.Build.0 = Debug|Any CPU
		{E17B84AE-A7AD-40C3-96BC-784B076EB239}.Release|Any CPU.ActiveCfg = Release|Any CPU
		{E17B84AE-A7AD-40C3-96BC-784B076EB239}.Release|Any CPU.Build.0 = Release|Any CPU
	EndGlobalSection
EndGlobal
