
Microsoft Visual Studio Solution File, Format Version 12.00
# Visual Studio Version 17
VisualStudioVersion = 17.11.35431.28
MinimumVisualStudioVersion = 10.0.40219.1
Project("{9A19103F-16F7-4668-BE54-9A1E7A4F7556}") = "Com.Design.Patterns.Factory.Method", "Com.Design.Patterns.Factory.Method\Com.Design.Patterns.Factory.Method.csproj", "{09E0C991-DD46-445E-B939-828CD372F139}"
EndProject
Project("{FAE04EC0-301F-11D3-BF4B-00C04F79EFBC}") = "Com.Design.Patterns.Abstract.Factory", "Com.Design.Patterns.Abstract.Factory\Com.Design.Patterns.Abstract.Factory.csproj", "{E17B84AE-A7AD-40C3-96BC-784B076EB239}"
EndProject
Project("{FAE04EC0-301F-11D3-BF4B-00C04F79EFBC}") = "Com.Design.Patterns.Builder.Fluent", "Com.Design.Patterns.Builder.Fluent\Com.Design.Patterns.Builder.Fluent.csproj", "{F00BA8C9-3C56-4346-ACFF-8CAF40406ABE}"
EndProject
Project("{FAE04EC0-301F-11D3-BF4B-00C04F79EFBC}") = "Com.Design.Patterns.Singleton", "Com.Design.Patterns.Singleton\Com.Design.Patterns.Singleton.csproj", "{98E946F5-25F4-4747-8E63-7B3C1F781751}"
EndProject
Global
	GlobalSection(SolutionConfigurationPlatforms) = preSolution
		Debug|Any CPU = Debug|Any CPU
		Release|Any CPU = Release|Any CPU
	EndGlobalSection
	GlobalSection(ProjectConfigurationPlatforms) = postSolution
		{09E0C991-DD46-445E-B939-828CD372F139}.Debug|Any CPU.ActiveCfg = Debug|Any CPU
		{09E0C991-DD46-445E-B939-828CD372F139}.Debug|Any CPU.Build.0 = Debug|Any CPU
		{09E0C991-DD46-445E-B939-828CD372F139}.Release|Any CPU.ActiveCfg = Release|Any CPU
		{09E0C991-DD46-445E-B939-828CD372F139}.Release|Any CPU.Build.0 = Release|Any CPU
		{E17B84AE-A7AD-40C3-96BC-784B076EB239}.Debug|Any CPU.ActiveCfg = Debug|Any CPU
		{E17B84AE-A7AD-40C3-96BC-784B076EB239}.Debug|Any CPU.Build.0 = Debug|Any CPU
		{E17B84AE-A7AD-40C3-96BC-784B076EB239}.Release|Any CPU.ActiveCfg = Release|Any CPU
		{E17B84AE-A7AD-40C3-96BC-784B076EB239}.Release|Any CPU.Build.0 = Release|Any CPU
		{F00BA8C9-3C56-4346-ACFF-8CAF40406ABE}.Debug|Any CPU.ActiveCfg = Debug|Any CPU
		{F00BA8C9-3C56-4346-ACFF-8CAF40406ABE}.Debug|Any CPU.Build.0 = Debug|Any CPU
		{F00BA8C9-3C56-4346-ACFF-8CAF40406ABE}.Release|Any CPU.ActiveCfg = Release|Any CPU
		{F00BA8C9-3C56-4346-ACFF-8CAF40406ABE}.Release|Any CPU.Build.0 = Release|Any CPU
		{98E946F5-25F4-4747-8E63-7B3C1F781751}.Debug|Any CPU.ActiveCfg = Debug|Any CPU
		{98E946F5-25F4-4747-8E63-7B3C1F781751}.Debug|Any CPU.Build.0 = Debug|Any CPU
		{98E946F5-25F4-4747-8E63-7B3C1F781751}.Release|Any CPU.ActiveCfg = Release|Any CPU
		{98E946F5-25F4-4747-8E63-7B3C1F781751}.Release|Any CPU.Build.0 = Release|Any CPU
	EndGlobalSection
	GlobalSection(SolutionProperties) = preSolution
		HideSolutionNode = FALSE
	EndGlobalSection
	GlobalSection(ExtensibilityGlobals) = postSolution
		SolutionGuid = {46C6F4E0-1D2E-4360-BDE6-8FD2FF92A997}
	EndGlobalSection
EndGlobal
